Microsoft Visual Studio Solution File, Format Version 12.00
# Visual Studio Version 17
VisualStudioVersion = 17.5.2.0
MinimumVisualStudioVersion = 10.0.40219.1
Project("{FAE04EC0-301F-11D3-BF4B-00C04F79EFBC}") = "AITrainingWebApp", "AITrainingWebApp\AITrainingWebApp.csproj", "{0C4AE775-9132-92E1-3430-245B232C8698}"
EndProject
Global
	GlobalSection(SolutionConfigurationPlatforms) = preSolution
		Debug|Any CPU = Debug|Any CPU
		Release|Any CPU = Release|Any CPU
	EndGlobalSection
	GlobalSection(ProjectConfigurationPlatforms) = postSolution
		{0C4AE775-9132-92E1-3430-245B232C8698}.Debug|Any CPU.ActiveCfg = Debug|Any CPU
		{0C4AE775-9132-92E1-3430-245B232C8698}.Debug|Any CPU.Build.0 = Debug|Any CPU
		{0C4AE775-9132-92E1-3430-245B232C8698}.Release|Any CPU.ActiveCfg = Release|Any CPU
		{0C4AE775-9132-92E1-3430-245B232C8698}.Release|Any CPU.Build.0 = Release|Any CPU
	EndGlobalSection
	GlobalSection(SolutionProperties) = preSolution
		HideSolutionNode = FALSE
	EndGlobalSection
	GlobalSection(ExtensibilityGlobals) = postSolution
		SolutionGuid = {890F80D8-1CE9-4E3E-AED2-964722B7A542}
	EndGlobalSection
EndGlobal
